
Microsoft Visual Studio Solution File, Format Version 12.00
# Visual Studio Version 17
VisualStudioVersion = 17.7.34024.191
MinimumVisualStudioVersion = 10.0.40219.1
Project("{FAE04EC0-301F-11D3-BF4B-00C04F79EFBC}") = "Tymakov_11-12", "Tymakov_11-12.csproj", "{FAFAC5FE-2506-4F03-AF59-C1DD9CB70FE2}"
EndProject
Project("{FAE04EC0-301F-11D3-BF4B-00C04F79EFBC}") = "Task", "..\Task\Task.csproj", "{1B113E5E-D836-4DAF-918D-596F84FD5F7E}"
EndProject
Global
	GlobalSection(SolutionConfigurationPlatforms) = preSolution
		Debug|Any CPU = Debug|Any CPU
		Release|Any CPU = Release|Any CPU
	EndGlobalSection
	GlobalSection(ProjectConfigurationPlatforms) = postSolution
		{FAFAC5FE-2506-4F03-AF59-C1DD9CB70FE2}.Debug|Any CPU.ActiveCfg = Debug|Any CPU
		{FAFAC5FE-2506-4F03-AF59-C1DD9CB70FE2}.Debug|Any CPU.Build.0 = Debug|Any CPU
		{FAFAC5FE-2506-4F03-AF59-C1DD9CB70FE2}.Release|Any CPU.ActiveCfg = Release|Any CPU
		{FAFAC5FE-2506-4F03-AF59-C1DD9CB70FE2}.Release|Any CPU.Build.0 = Release|Any CPU
		{1B113E5E-D836-4DAF-918D-596F84FD5F7E}.Debug|Any CPU.ActiveCfg = Debug|Any CPU
		{1B113E5E-D836-4DAF-918D-596F84FD5F7E}.Debug|Any CPU.Build.0 = Debug|Any CPU
		{1B113E5E-D836-4DAF-918D-596F84FD5F7E}.Release|Any CPU.ActiveCfg = Release|Any CPU
		{1B113E5E-D836-4DAF-918D-596F84FD5F7E}.Release|Any CPU.Build.0 = Release|Any CPU
	EndGlobalSection
	GlobalSection(SolutionProperties) = preSolution
		HideSolutionNode = FALSE
	EndGlobalSection
	GlobalSection(ExtensibilityGlobals) = postSolution
		SolutionGuid = {83AD8597-11A4-4E4A-9165-33259FC94B12}
	EndGlobalSection
EndGlobal
